PODS:
  - MultiPlatformLibrary (0.1.0)

DEPENDENCIES:
  - MultiPlatformLibrary (from `../mpp-library`)

EXTERNAL SOURCES:
  MultiPlatformLibrary:
    :path: "../mpp-library"

SPEC CHECKSUMS:
  MultiPlatformLibrary: 3c5199ebc082c74305c57ff49da662add4226237

PODFILE CHECKSUM: d6e8b2708149aca1e6d60e470ae2dab21359ea6a

COCOAPODS: 1.10.0
