PODS:
  - MultiPlatformLibrary (0.1.0)

DEPENDENCIES:
  - MultiPlatformLibrary (from `../mpp-library`)

EXTERNAL SOURCES:
  MultiPlatformLibrary:
    :path: "../mpp-library"

SPEC CHECKSUMS:
  MultiPlatformLibrary: a23362c92a1c787f53902fcb8aa9874179a71900

PODFILE CHECKSUM: 3535159d0fc5ee4f152afead7017e6ac4eb0bf76

COCOAPODS: 1.10.0
